
Microsoft Visual Studio Solution File, Format Version 12.00
# Visual Studio Version 16
VisualStudioVersion = 16.0.28803.202
MinimumVisualStudioVersion = 10.0.40219.1
Project("{9A19103F-16F7-4668-BE54-9A1E7A4F7556}") = "FunctionalityMatrixApp", "FunctionalityMatrixApp\FunctionalityMatrixApp.csproj", "{8718661D-0F77-4ACA-9646-A44DC02271FE}"
EndProject
Project("{FAE04EC0-301F-11D3-BF4B-00C04F79EFBC}") = "FunctionalityMatrixApp.Model", "FunctionalityMatrixApp.Model\FunctionalityMatrixApp.Model.csproj", "{0AF9E6A2-38DF-4624-9C23-E40F1685D013}"
EndProject
Project("{FAE04EC0-301F-11D3-BF4B-00C04F79EFBC}") = "FunctionalityMatrixApp.DataAccess", "FunctionalityMatrixApp.DataAccess\FunctionalityMatrixApp.DataAccess.csproj", "{4D189129-479F-470A-8473-43C8E4AC543E}"
EndProject
Global
	GlobalSection(SolutionConfigurationPlatforms) = preSolution
		Debug|Any CPU = Debug|Any CPU
		Release|Any CPU = Release|Any CPU
	EndGlobalSection
	GlobalSection(ProjectConfigurationPlatforms) = postSolution
		{8718661D-0F77-4ACA-9646-A44DC02271FE}.Debug|Any CPU.ActiveCfg = Debug|Any CPU
		{8718661D-0F77-4ACA-9646-A44DC02271FE}.Debug|Any CPU.Build.0 = Debug|Any CPU
		{8718661D-0F77-4ACA-9646-A44DC02271FE}.Release|Any CPU.ActiveCfg = Release|Any CPU
		{8718661D-0F77-4ACA-9646-A44DC02271FE}.Release|Any CPU.Build.0 = Release|Any CPU
		{0AF9E6A2-38DF-4624-9C23-E40F1685D013}.Debug|Any CPU.ActiveCfg = Debug|Any CPU
		{0AF9E6A2-38DF-4624-9C23-E40F1685D013}.Debug|Any CPU.Build.0 = Debug|Any CPU
		{0AF9E6A2-38DF-4624-9C23-E40F1685D013}.Release|Any CPU.ActiveCfg = Release|Any CPU
		{0AF9E6A2-38DF-4624-9C23-E40F1685D013}.Release|Any CPU.Build.0 = Release|Any CPU
		{4D189129-479F-470A-8473-43C8E4AC543E}.Debug|Any CPU.ActiveCfg = Debug|Any CPU
		{4D189129-479F-470A-8473-43C8E4AC543E}.Debug|Any CPU.Build.0 = Debug|Any CPU
		{4D189129-479F-470A-8473-43C8E4AC543E}.Release|Any CPU.ActiveCfg = Release|Any CPU
		{4D189129-479F-470A-8473-43C8E4AC543E}.Release|Any CPU.Build.0 = Release|Any CPU
	EndGlobalSection
	GlobalSection(SolutionProperties) = preSolution
		HideSolutionNode = FALSE
	EndGlobalSection
	GlobalSection(ExtensibilityGlobals) = postSolution
		SolutionGuid = {E51F38EC-326F-4401-94BB-3B033885F6E5}
	EndGlobalSection
EndGlobal
